
Microsoft Visual Studio Solution File, Format Version 12.00
# Visual Studio 15
VisualStudioVersion = 15.0.27130.2027
MinimumVisualStudioVersion = 10.0.40219.1
Project("{FAE04EC0-301F-11D3-BF4B-00C04F79EFBC}") = "MultithreadedSleepSort", "MultithreadedSleepSort\MultithreadedSleepSort.csproj", "{1BD0E96D-FF9D-45E1-A281-AB2C499EB674}"
EndProject
Global
	GlobalSection(SolutionConfigurationPlatforms) = preSolution
		Debug|Any CPU = Debug|Any CPU
		Release|Any CPU = Release|Any CPU
	EndGlobalSection
	GlobalSection(ProjectConfigurationPlatforms) = postSolution
		{1BD0E96D-FF9D-45E1-A281-AB2C499EB674}.Debug|Any CPU.ActiveCfg = Debug|Any CPU
		{1BD0E96D-FF9D-45E1-A281-AB2C499EB674}.Debug|Any CPU.Build.0 = Debug|Any CPU
		{1BD0E96D-FF9D-45E1-A281-AB2C499EB674}.Release|Any CPU.ActiveCfg = Release|Any CPU
		{1BD0E96D-FF9D-45E1-A281-AB2C499EB674}.Release|Any CPU.Build.0 = Release|Any CPU
	EndGlobalSection
	GlobalSection(SolutionProperties) = preSolution
		HideSolutionNode = FALSE
	EndGlobalSection
	GlobalSection(ExtensibilityGlobals) = postSolution
		SolutionGuid = {6666A819-E0B6-44D5-86EA-976FCC20CB8B}
	EndGlobalSection
EndGlobal
